{
  "name": "backend",
  "lockfileVersion": 3,
  "requires": true,
  "packages": {
    "": {
      "dependencies": {
        "blst": "^0.1.6",
        "ff": "^0.2.2"
      }
    },
    "node_modules/blst": {
      "version": "0.1.6",
      "resolved": "https://registry.npmjs.org/blst/-/blst-0.1.6.tgz",
      "integrity": "sha512-P88SBVTdjKsvltTGXPayu9ACSZ36CNpECE8eZjPg+Mj++EB/VHOFUAnVIZ142NceSWYkVMBKiVENH49YHKHjFg==",
      "dependencies": {
        "bsert": "~0.0.12"
      },
      "engines": {
        "node": ">=8.0.0"
      }
    },
    "node_modules/bsert": {
      "version": "0.0.12",
      "resolved": "https://registry.npmjs.org/bsert/-/bsert-0.0.12.tgz",
      "integrity": "sha512-lUB0EMu4KhIf+VQ6RZJ7J3dFdohYSeta+gNgDi00Hi/t3k/W6xZlwm9PSSG0q7hJ2zW9Rsn5yaMPymETxroTRw==",
      "engines": {
        "node": ">=8.0.0"
      }
    },
    "node_modules/ff": {
      "version": "0.2.2",
      "resolved": "https://registry.npmjs.org/ff/-/ff-0.2.2.tgz",
      "integrity": "sha512-WMJyoPUeFtfSrNtsVS91csQHj2YjOUGT90g0HZRi9WsN1CO+4A91I/QHl3GgEkhk7aZaVemjkebQeFLW4Z320Q==",
      "engines": {
        "node": ">=0.6.0"
      }
    }
  }
}
